github.com/Emadghaffari/design-patterns v0.0.0-20200913054038-dc86762cde66 h1:kVC72XMPocRq++Jof1UYgpN43Xgsz1Ix/rZ4yGyUSEs=
github.com/Emadghaffari/design-patterns/adapter v0.0.0-20200913054038-dc86762cde66 h1:oXGAJ4PnchjFpk9sqzeMVSm2b0fJvClaRpG0jev5I2o=
github.com/Emadghaffari/design-patterns/adapter v0.0.0-20200913054038-dc86762cde66/go.mod h1:OvmZVke6vWyFzAN7LyPoHnC605AvYJ2Ncr5Bc7og1mA=
github.com/Emadghaffari/design-patterns/bridge v0.0.0-20200913054038-dc86762cde66 h1:uRPMfAB9CmFOXgA4YZnyK2vCuFpeBxn1kdh0fecUNkQ=
github.com/Emadghaffari/design-patterns/bridge v0.0.0-20200913054038-dc86762cde66/go.mod h1:zTdyj0SKg0KSpByo9cBsZunSkkmpngg3c8rXROXmxdQ=
github.com/Emadghaffari/design-patterns/command v0.0.0-20200913054038-dc86762cde66 h1:jjkHRaVyeap2lU2cfCeOo+s1usJS5wPb5vUQPRDBDec=
github.com/Emadghaffari/design-patterns/command v0.0.0-20200913054038-dc86762cde66/go.mod h1:4dJaWnKC4k771rpJdcIbyzPT5YalSRjMj0+8D3QeFp4=
github.com/Emadghaffari/design-patterns/composition v0.0.0-20200913054038-dc86762cde66 h1:RBh2QQWp7iEW4SX7MX34O3v8CXpkfAnRn6Clf5G0T00=
github.com/Emadghaffari/design-patterns/composition v0.0.0-20200913054038-dc86762cde66/go.mod h1:TPLuMB9N3Tege/Glut1aarCNCQkRHclmEtnm7CIGgZU=
github.com/Emadghaffari/design-patterns/decorator v0.0.0-20200913054038-dc86762cde66 h1:vwKDJ0giET6M5DHvcKCe63OykS56io+TAbCwa3hhzIM=
github.com/Emadghaffari/design-patterns/decorator v0.0.0-20200913054038-dc86762cde66/go.mod h1:xDHPRhYktFSjEw43kDQGomPZeVllbe0NrbxD5hqUIAU=
github.com/Emadghaffari/design-patterns/facade v0.0.0-20200913054038-dc86762cde66 h1:fW4bTBAMbuF87rlDuHYb+EEQjJL3jfu9FCgzWppXhLE=
github.com/Emadghaffari/design-patterns/facade v0.0.0-20200913054038-dc86762cde66/go.mod h1:IThy9pyojbvp4q8S+HsleWxAfmBVtiAPDVDsId06PSo=
github.com/Emadghaffari/design-patterns/prototype v0.0.0-20200913054038-dc86762cde66 h1:BqpwficsM6btvuQUiCnaz34xmspBHDDAlpR4Loi0zAc=
github.com/Emadghaffari/design-patterns/prototype v0.0.0-20200913054038-dc86762cde66/go.mod h1:vH/91w2w+Ixe7cUfqAaJcAL/wlo+qA1NYdDsW/E8x5s=
github.com/Emadghaffari/design-patterns/proxy v0.0.0-20200913054038-dc86762cde66 h1:PkikCiruxDBwRuniR5mxyxDk/F/v9VBj3PZLmfPubWc=
github.com/Emadghaffari/design-patterns/proxy v0.0.0-20200913054038-dc86762cde66/go.mod h1:1Z8DCSfixAv4QScEz8u/LvL/gCEbJtWLRXKwDsTU9XM=
github.com/boombuler/barcode v1.0.0 h1:s1TvRnXwL2xJRaccrdcBQMZxq6X7DvsMogtmJeHDdrc=
github.com/boombuler/barcode v1.0.0/go.mod h1:paBWMcWSl3LHKBqUq+rly7CNSldXjb2rDl3JlRe0mD8=
github.com/davecgh/go-spew v1.1.0/go.mod h1:J7Y8YcW2NihsgmVo/mv3lAwl/skON4iLHjSsI+c5H38=
github.com/davecgh/go-spew v1.1.1/go.mod h1:J7Y8YcW2NihsgmVo/mv3lAwl/skON4iLHjSsI+c5H38=
github.com/gojp/goreportcard v0.0.0-20191001233754-41818f5fd295/go.mod h1:/DA2Xpp+OaR3EHafQSnT9SKOfbG2NPQR/qp6Qr8AgIw=
github.com/google/uuid v1.1.1 h1:Gkbcsh/GbpXz7lPftLA3P6TYMwjCLYm83jiFQZF/3gY=
github.com/google/uuid v1.1.1/go.mod h1:TIyPZe4MgqvfeYDBFedMoGGpEw/LqOeaOT+nhxU+yHo=
github.com/johnfercher/maroto v0.28.0 h1:YXBctZDtVPfgSJQkcGFm4DWgnYcUy0iVXG17fsnwSLc=
github.com/johnfercher/maroto v0.28.0/go.mod h1:z/5eo/hH1g+01K4Mm0IVVbixHibtaNbZ9vHf+2H6fpM=
github.com/jung-kurt/gofpdf v1.0.0/go.mod h1:7Id9E/uU8ce6rXgefFLlgrJj/GYY22cpxn+r32jIOes=
github.com/jung-kurt/gofpdf v1.4.2 h1:3u2ojTwxPPu3ysIOc5iTwcECpvkFCAe2RJ/tQrvfLi0=
github.com/jung-kurt/gofpdf v1.4.2/go.mod h1:rZsO0wEsunjT/L9stF3fJjYbAHgqNYuQB4B8FWvBck0=
github.com/pkg/errors v0.8.1/go.mod h1:bwawxfHBFNV+L2hUp1rHADufV3IMtnDRdf1r5NINEl0=
github.com/pmezard/go-difflib v1.0.0/go.mod h1:iKH77koFhYxTK1pcRnkKkqfTogsbg7gZNVY4sRDYZ/4=
github.com/ruudk/golang-pdf417 v0.0.0-20181029194003-1af4ab5afa58 h1:nlG4Wa5+minh3S9LVFtNoY+GVRiudA2e3EVfcCi3RCA=
github.com/ruudk/golang-pdf417 v0.0.0-20181029194003-1af4ab5afa58/go.mod h1:6lfFZQK844Gfx8o5WFuvpxWRwnSoipWe/p622j1v06w=
github.com/stretchr/objx v0.1.0/go.mod h1:HFkY916IF+rwdDfMAkV7OtwuqBVzrE8GR6GFx+wExME=
github.com/stretchr/objx v0.2.0/go.mod h1:qt09Ya8vawLte6SNmTgCsAVtYtaKzEcn8ATUoHMkEqE=
github.com/stretchr/testify v1.2.2/go.mod h1:a8OnRcib4nhh0OaRAV+Yts87kKdq0PP7pXfy6kDkUVs=
github.com/stretchr/testify v1.3.0/go.mod h1:M5WIy9Dh21IEIfnGCwXGc5bZfKNJtfHm1UVUgZn+9EI=
golang.org/x/image v0.0.0-20190507092727-e4e5bf290fec/go.mod h1:kZ7UVZpmo3dzQBMxlp+ypCbDeSB+sBbTgSJuh5dn5js=
golang.org/x/text v0.3.0/go.mod h1:NqM8EUOU14njkJ3fqMW+pc6Ldnwhi/IjpwHt7yyuwOQ=
